
Microsoft Visual Studio Solution File, Format Version 12.00
# Visual Studio Version 17
VisualStudioVersion = 17.12.35527.113
MinimumVisualStudioVersion = 10.0.40219.1
Project("{2150E333-8FDC-42A3-9474-1A3956D46DE8}") = "Adapters", "Adapters", "{A9DB060B-E8AE-4709-9C5F-55C399EB5130}"
EndProject
Project("{2150E333-8FDC-42A3-9474-1A3956D46DE8}") = "Driven", "Driven", "{AA629AC3-6D9D-4DA6-9941-D067DFC5AABE}"
EndProject
Project("{2150E333-8FDC-42A3-9474-1A3956D46DE8}") = "Drivers", "Drivers", "{667BECC3-6D56-477A-BD4B-75330086C574}"
EndProject
Project("{2150E333-8FDC-42A3-9474-1A3956D46DE8}") = "WebApi", "WebApi", "{8FF5C0BF-49A8-4851-B53D-52409631E86D}"
EndProject
Project("{2150E333-8FDC-42A3-9474-1A3956D46DE8}") = "Infrastructure", "Infrastructure", "{1AE82A12-E30B-4375-B722-F1F7E958C500}"
EndProject
Project("{2150E333-8FDC-42A3-9474-1A3956D46DE8}") = "Core", "Core", "{ADC71E10-4614-4C4F-898D-6A9C1B561DAF}"
EndProject
Project("{2150E333-8FDC-42A3-9474-1A3956D46DE8}") = "Application", "Application", "{ED6800CA-F41D-4CCE-A406-BA47C67DC7F8}"
EndProject
Project("{2150E333-8FDC-42A3-9474-1A3956D46DE8}") = "Crosscutting", "Crosscutting", "{A3A19F55-575D-4D11-B8BD-5BF3AB59D8D4}"
EndProject
Project("{2150E333-8FDC-42A3-9474-1A3956D46DE8}") = "Domain", "Domain", "{4CADEEA5-088C-471D-A67D-A58C0EEF93BA}"
EndProject
Project("{2150E333-8FDC-42A3-9474-1A3956D46DE8}") = "Tests", "Tests", "{BE704311-DC13-42F1-B07A-32A71F1763F0}"
EndProject
Project("{2150E333-8FDC-42A3-9474-1A3956D46DE8}") = "Unit", "Unit", "{264A1AA6-81D1-40F6-BF88-91D66692184A}"
EndProject
Project("{FAE04EC0-301F-11D3-BF4B-00C04F79EFBC}") = "SalesApi.WebApi", "SalesApi.WebApi\SalesApi.WebApi.csproj", "{FDB294DD-5163-482A-A9A3-69713525D40B}"
EndProject
Project("{FAE04EC0-301F-11D3-BF4B-00C04F79EFBC}") = "SalesApi.ORM", "SalesApi.ORM\SalesApi.ORM.csproj", "{5162FFF6-E16A-4BCB-AAAF-ECB084E24BC9}"
EndProject
Project("{FAE04EC0-301F-11D3-BF4B-00C04F79EFBC}") = "SalesApi.Application", "SalesApi.Application\SalesApi.Application.csproj", "{49C97B2A-F353-447D-A1D1-B4313FCAD109}"
EndProject
Project("{FAE04EC0-301F-11D3-BF4B-00C04F79EFBC}") = "SalesApi.Domain", "SalesApi.Domain\SalesApi.Domain.csproj", "{798BA248-40AE-40D6-9DF6-C22A30AEE89F}"
EndProject
Project("{FAE04EC0-301F-11D3-BF4B-00C04F79EFBC}") = "SalesApi.Common", "SalesApi.Common\SalesApi.Common.csproj", "{F229DCEF-4578-425E-BE19-04518A40A80D}"
EndProject
Project("{FAE04EC0-301F-11D3-BF4B-00C04F79EFBC}") = "SalesApi.IoC", "SalesApi.IoC\SalesApi.IoC.csproj", "{F553E638-C18E-4F09-BD68-F2A7FB4D45F9}"
EndProject
Project("{FAE04EC0-301F-11D3-BF4B-00C04F79EFBC}") = "SalesApi.Unit", "..\tests\SalesApi.Unit\SalesApi.Unit.csproj", "{EC52528B-1C8A-4E5B-92AC-04DE46C62B0D}"
EndProject
Project("{E53339B2-1760-4266-BCC7-CA923CBCF16C}") = "docker-compose", "docker-compose.dcproj", "{4AF79501-F785-4B98-8EE5-54BE186D67A2}"
EndProject
Project("{2150E333-8FDC-42A3-9474-1A3956D46DE8}") = "Solution Items", "Solution Items", "{C361795D-30EF-4513-B313-8622BE1AD313}"
	ProjectSection(SolutionItems) = preProject
		.editorconfig = .editorconfig
	EndProjectSection
EndProject
Global
	GlobalSection(SolutionConfigurationPlatforms) = preSolution
		Debug|Any CPU = Debug|Any CPU
		Release|Any CPU = Release|Any CPU
	EndGlobalSection
	GlobalSection(ProjectConfigurationPlatforms) = postSolution
		{FDB294DD-5163-482A-A9A3-69713525D40B}.Debug|Any CPU.ActiveCfg = Debug|Any CPU
		{FDB294DD-5163-482A-A9A3-69713525D40B}.Debug|Any CPU.Build.0 = Debug|Any CPU
		{FDB294DD-5163-482A-A9A3-69713525D40B}.Release|Any CPU.ActiveCfg = Release|Any CPU
		{FDB294DD-5163-482A-A9A3-69713525D40B}.Release|Any CPU.Build.0 = Release|Any CPU
		{5162FFF6-E16A-4BCB-AAAF-ECB084E24BC9}.Debug|Any CPU.ActiveCfg = Debug|Any CPU
		{5162FFF6-E16A-4BCB-AAAF-ECB084E24BC9}.Debug|Any CPU.Build.0 = Debug|Any CPU
		{5162FFF6-E16A-4BCB-AAAF-ECB084E24BC9}.Release|Any CPU.ActiveCfg = Release|Any CPU
		{5162FFF6-E16A-4BCB-AAAF-ECB084E24BC9}.Release|Any CPU.Build.0 = Release|Any CPU
		{49C97B2A-F353-447D-A1D1-B4313FCAD109}.Debug|Any CPU.ActiveCfg = Debug|Any CPU
		{49C97B2A-F353-447D-A1D1-B4313FCAD109}.Debug|Any CPU.Build.0 = Debug|Any CPU
		{49C97B2A-F353-447D-A1D1-B4313FCAD109}.Release|Any CPU.ActiveCfg = Release|Any CPU
		{49C97B2A-F353-447D-A1D1-B4313FCAD109}.Release|Any CPU.Build.0 = Release|Any CPU
		{798BA248-40AE-40D6-9DF6-C22A30AEE89F}.Debug|Any CPU.ActiveCfg = Debug|Any CPU
		{798BA248-40AE-40D6-9DF6-C22A30AEE89F}.Debug|Any CPU.Build.0 = Debug|Any CPU
		{798BA248-40AE-40D6-9DF6-C22A30AEE89F}.Release|Any CPU.ActiveCfg = Release|Any CPU
		{798BA248-40AE-40D6-9DF6-C22A30AEE89F}.Release|Any CPU.Build.0 = Release|Any CPU
		{F229DCEF-4578-425E-BE19-04518A40A80D}.Debug|Any CPU.ActiveCfg = Debug|Any CPU
		{F229DCEF-4578-425E-BE19-04518A40A80D}.Debug|Any CPU.Build.0 = Debug|Any CPU
		{F229DCEF-4578-425E-BE19-04518A40A80D}.Release|Any CPU.ActiveCfg = Release|Any CPU
		{F229DCEF-4578-425E-BE19-04518A40A80D}.Release|Any CPU.Build.0 = Release|Any CPU
		{F553E638-C18E-4F09-BD68-F2A7FB4D45F9}.Debug|Any CPU.ActiveCfg = Debug|Any CPU
		{F553E638-C18E-4F09-BD68-F2A7FB4D45F9}.Debug|Any CPU.Build.0 = Debug|Any CPU
		{F553E638-C18E-4F09-BD68-F2A7FB4D45F9}.Release|Any CPU.ActiveCfg = Release|Any CPU
		{F553E638-C18E-4F09-BD68-F2A7FB4D45F9}.Release|Any CPU.Build.0 = Release|Any CPU
		{EC52528B-1C8A-4E5B-92AC-04DE46C62B0D}.Debug|Any CPU.ActiveCfg = Debug|Any CPU
		{EC52528B-1C8A-4E5B-92AC-04DE46C62B0D}.Debug|Any CPU.Build.0 = Debug|Any CPU
		{EC52528B-1C8A-4E5B-92AC-04DE46C62B0D}.Release|Any CPU.ActiveCfg = Release|Any CPU
		{EC52528B-1C8A-4E5B-92AC-04DE46C62B0D}.Release|Any CPU.Build.0 = Release|Any CPU
		{4AF79501-F785-4B98-8EE5-54BE186D67A2}.Debug|Any CPU.ActiveCfg = Debug|Any CPU
		{4AF79501-F785-4B98-8EE5-54BE186D67A2}.Debug|Any CPU.Build.0 = Debug|Any CPU
		{4AF79501-F785-4B98-8EE5-54BE186D67A2}.Release|Any CPU.ActiveCfg = Release|Any CPU
		{4AF79501-F785-4B98-8EE5-54BE186D67A2}.Release|Any CPU.Build.0 = Release|Any CPU
	EndGlobalSection
	GlobalSection(SolutionProperties) = preSolution
		HideSolutionNode = FALSE
	EndGlobalSection
	GlobalSection(NestedProjects) = preSolution
		{AA629AC3-6D9D-4DA6-9941-D067DFC5AABE} = {A9DB060B-E8AE-4709-9C5F-55C399EB5130}
		{667BECC3-6D56-477A-BD4B-75330086C574} = {A9DB060B-E8AE-4709-9C5F-55C399EB5130}
		{8FF5C0BF-49A8-4851-B53D-52409631E86D} = {667BECC3-6D56-477A-BD4B-75330086C574}
		{FDB294DD-5163-482A-A9A3-69713525D40B} = {8FF5C0BF-49A8-4851-B53D-52409631E86D}
		{1AE82A12-E30B-4375-B722-F1F7E958C500} = {AA629AC3-6D9D-4DA6-9941-D067DFC5AABE}
		{ED6800CA-F41D-4CCE-A406-BA47C67DC7F8} = {ADC71E10-4614-4C4F-898D-6A9C1B561DAF}
		{5162FFF6-E16A-4BCB-AAAF-ECB084E24BC9} = {1AE82A12-E30B-4375-B722-F1F7E958C500}
		{49C97B2A-F353-447D-A1D1-B4313FCAD109} = {ED6800CA-F41D-4CCE-A406-BA47C67DC7F8}
		{4CADEEA5-088C-471D-A67D-A58C0EEF93BA} = {ADC71E10-4614-4C4F-898D-6A9C1B561DAF}
		{798BA248-40AE-40D6-9DF6-C22A30AEE89F} = {4CADEEA5-088C-471D-A67D-A58C0EEF93BA}
		{F229DCEF-4578-425E-BE19-04518A40A80D} = {A3A19F55-575D-4D11-B8BD-5BF3AB59D8D4}
		{F553E638-C18E-4F09-BD68-F2A7FB4D45F9} = {A3A19F55-575D-4D11-B8BD-5BF3AB59D8D4}
		{264A1AA6-81D1-40F6-BF88-91D66692184A} = {BE704311-DC13-42F1-B07A-32A71F1763F0}
		{EC52528B-1C8A-4E5B-92AC-04DE46C62B0D} = {264A1AA6-81D1-40F6-BF88-91D66692184A}
	EndGlobalSection
EndGlobal
